
Microsoft Visual Studio Solution File, Format Version 12.00
# Visual Studio Version 17
VisualStudioVersion = 17.8.34330.188
MinimumVisualStudioVersion = 10.0.40219.1
Project("{FAE04EC0-301F-11D3-BF4B-00C04F79EFBC}") = "Web_Odev6", "Web_Odev6.csproj", "{1245F4EC-B6C9-49C7-816B-E73BAB9AA6D4}"
EndProject
Global
	GlobalSection(SolutionConfigurationPlatforms) = preSolution
		Debug|Any CPU = Debug|Any CPU
		Release|Any CPU = Release|Any CPU
	EndGlobalSection
	GlobalSection(ProjectConfigurationPlatforms) = postSolution
		{1245F4EC-B6C9-49C7-816B-E73BAB9AA6D4}.Debug|Any CPU.ActiveCfg = Debug|Any CPU
		{1245F4EC-B6C9-49C7-816B-E73BAB9AA6D4}.Debug|Any CPU.Build.0 = Debug|Any CPU
		{1245F4EC-B6C9-49C7-816B-E73BAB9AA6D4}.Release|Any CPU.ActiveCfg = Release|Any CPU
		{1245F4EC-B6C9-49C7-816B-E73BAB9AA6D4}.Release|Any CPU.Build.0 = Release|Any CPU
	EndGlobalSection
	GlobalSection(SolutionProperties) = preSolution
		HideSolutionNode = FALSE
	EndGlobalSection
	GlobalSection(ExtensibilityGlobals) = postSolution
		SolutionGuid = {5F6839F2-5893-45EC-B45E-B9594FF7052D}
	EndGlobalSection
EndGlobal
